
Microsoft Visual Studio Solution File, Format Version 12.00
# Visual Studio Version 16
VisualStudioVersion = 16.0.29424.173
MinimumVisualStudioVersion = 10.0.40219.1
Project("{FAE04EC0-301F-11D3-BF4B-00C04F79EFBC}") = "teste", "teste.csproj", "{873DAB53-72FB-4F6B-832B-FD8F8C460BDD}"
EndProject
Global
	GlobalSection(SolutionConfigurationPlatforms) = preSolution
		Debug|Any CPU = Debug|Any CPU
		Release|Any CPU = Release|Any CPU
	EndGlobalSection
	GlobalSection(ProjectConfigurationPlatforms) = postSolution
		{873DAB53-72FB-4F6B-832B-FD8F8C460BDD}.Debug|Any CPU.ActiveCfg = Debug|Any CPU
		{873DAB53-72FB-4F6B-832B-FD8F8C460BDD}.Debug|Any CPU.Build.0 = Debug|Any CPU
		{873DAB53-72FB-4F6B-832B-FD8F8C460BDD}.Release|Any CPU.ActiveCfg = Release|Any CPU
		{873DAB53-72FB-4F6B-832B-FD8F8C460BDD}.Release|Any CPU.Build.0 = Release|Any CPU
	EndGlobalSection
	GlobalSection(SolutionProperties) = preSolution
		HideSolutionNode = FALSE
	EndGlobalSection
	GlobalSection(ExtensibilityGlobals) = postSolution
		SolutionGuid = {EEA802C9-E8D0-484A-9D3E-C06F90F371C9}
	EndGlobalSection
EndGlobal
